
Microsoft Visual Studio Solution File, Format Version 12.00
# Visual Studio 15
VisualStudioVersion = 15.0.28010.2050
MinimumVisualStudioVersion = 10.0.40219.1
Project("{FAE04EC0-301F-11D3-BF4B-00C04F79EFBC}") = "projeto-teste", "projeto-teste\projeto-teste.csproj", "{D9CFB049-D84B-4815-A4F9-5011E686C085}"
EndProject
Global
	GlobalSection(SolutionConfigurationPlatforms) = preSolution
		Debug|Any CPU = Debug|Any CPU
		Release|Any CPU = Release|Any CPU
	EndGlobalSection
	GlobalSection(ProjectConfigurationPlatforms) = postSolution
		{D9CFB049-D84B-4815-A4F9-5011E686C085}.Debug|Any CPU.ActiveCfg = Debug|Any CPU
		{D9CFB049-D84B-4815-A4F9-5011E686C085}.Debug|Any CPU.Build.0 = Debug|Any CPU
		{D9CFB049-D84B-4815-A4F9-5011E686C085}.Release|Any CPU.ActiveCfg = Release|Any CPU
		{D9CFB049-D84B-4815-A4F9-5011E686C085}.Release|Any CPU.Build.0 = Release|Any CPU
	EndGlobalSection
	GlobalSection(SolutionProperties) = preSolution
		HideSolutionNode = FALSE
	EndGlobalSection
	GlobalSection(ExtensibilityGlobals) = postSolution
		SolutionGuid = {587E838B-405F-422B-A075-A841574E8197}
	EndGlobalSection
EndGlobal
